Microsoft Visual Studio Solution File, Format Version 12.00
# Visual Studio Version 17
VisualStudioVersion = 17.6.33815.320
MinimumVisualStudioVersion = 10.0.40219.1
Project("{9A19103F-16F7-4668-BE54-9A1E7A4F7556}") = "MinecraftArchive", "MinecraftArchive\MinecraftArchive.csproj", "{74F3032A-A4FD-44A2-909B-3FB4F8ABD969}"
EndProject
Global
	GlobalSection(SolutionConfigurationPlatforms) = preSolution
		Debug|Any CPU = Debug|Any CPU
		Debug|x64 = Debug|x64
		Release|Any CPU = Release|Any CPU
		Release|x64 = Release|x64
	EndGlobalSection
	GlobalSection(ProjectConfigurationPlatforms) = postSolution
		{74F3032A-A4FD-44A2-909B-3FB4F8ABD969}.Debug|x64.ActiveCfg = Debug|Any CPU
		{74F3032A-A4FD-44A2-909B-3FB4F8ABD969}.Debug|x64.Build.0 = Debug|Any CPU
		{74F3032A-A4FD-44A2-909B-3FB4F8ABD969}.Release|x64.ActiveCfg = Release|Any CPU
		{74F3032A-A4FD-44A2-909B-3FB4F8ABD969}.Release|x64.Build.0 = Release|Any CPU
	EndGlobalSection
	GlobalSection(SolutionProperties) = preSolution
		HideSolutionNode = FALSE
	EndGlobalSection
	GlobalSection(ExtensibilityGlobals) = postSolution
		SolutionGuid = {0F6F243D-AF73-4ED5-ABB2-13A85B0CF781}
	EndGlobalSection
EndGlobal
